{
  "nodes": {
    "flake-utils": {
      "locked": {
        "lastModified": 1659877975,
        "narHash": "sha256-zllb8aq3YO3h8B/U0/J1WBgAL8EX5yWf5pMj3G0NAmc=",
        "owner": "numtide",
        "repo": "flake-utils",
        "rev": "c0e246b9b83f637f4681389ecabcb2681b4f3af0",
        "type": "github"
      },
      "original": {
        "id": "flake-utils",
        "type": "indirect"
      }
    },
    "nixpkgs": {
      "locked": {
        "lastModified": 1663879234,
        "narHash": "sha256-zCe2EVY+Jt3I7gBgMSkuGesZ57vyt/WwIUwshiwDErk=",
        "owner": "NixOS",
        "repo": "nixpkgs",
        "rev": "a8a557e233c30b60225fa5af41cc56f8409e4afb",
        "type": "github"
      },
      "original": {
        "id": "nixpkgs",
        "type": "indirect"
      }
    },
    "nixpkgs_2": {
      "locked": {
        "lastModified": 1663879234,
        "narHash": "sha256-zCe2EVY+Jt3I7gBgMSkuGesZ57vyt/WwIUwshiwDErk=",
        "owner": "NixOS",
        "repo": "nixpkgs",
        "rev": "a8a557e233c30b60225fa5af41cc56f8409e4afb",
        "type": "github"
      },
      "original": {
        "id": "nixpkgs",
        "type": "indirect"
      }
    },
    "root": {
      "inputs": {
        "flake-utils": "flake-utils",
        "nixpkgs": "nixpkgs",
        "treefmt-config": "treefmt-config"
      }
    },
    "treefmt-config": {
      "inputs": {
        "nixpkgs": "nixpkgs_2"
      },
      "locked": {
        "lastModified": 0,
        "narHash": "sha256-N9Gj1JvjQ5w9j3mSbsnsyCw/hhbyVaiF4xUi62voDXE=",
        "path": "..",
        "type": "path"
      },
      "original": {
        "path": "..",
        "type": "path"
      }
    }
  },
  "root": "root",
  "version": 7
}
